
Microsoft Visual Studio Solution File, Format Version 12.00
# Visual Studio 15
VisualStudioVersion = 15.0.27130.2020
MinimumVisualStudioVersion = 10.0.40219.1
Project("{FAE04EC0-301F-11D3-BF4B-00C04F79EFBC}") = "C18 EX03 Yakov Hason 021653282 Eliran Yasharel 032471112", "facebookApi\C18 EX03 Yakov Hason 021653282 Eliran Yasharel 032471112.csproj", "{FCC0222D-D6F6-4C1B-9516-CC7D7187B54F}"
EndProject
Global
	GlobalSection(SolutionConfigurationPlatforms) = preSolution
		Debug|Any CPU = Debug|Any CPU
		Release|Any CPU = Release|Any CPU
	EndGlobalSection
	GlobalSection(ProjectConfigurationPlatforms) = postSolution
		{FCC0222D-D6F6-4C1B-9516-CC7D7187B54F}.Debug|Any CPU.ActiveCfg = Debug|Any CPU
		{FCC0222D-D6F6-4C1B-9516-CC7D7187B54F}.Debug|Any CPU.Build.0 = Debug|Any CPU
		{FCC0222D-D6F6-4C1B-9516-CC7D7187B54F}.Release|Any CPU.ActiveCfg = Release|Any CPU
		{FCC0222D-D6F6-4C1B-9516-CC7D7187B54F}.Release|Any CPU.Build.0 = Release|Any CPU
	EndGlobalSection
	GlobalSection(SolutionProperties) = preSolution
		HideSolutionNode = FALSE
	EndGlobalSection
	GlobalSection(ExtensibilityGlobals) = postSolution
		SolutionGuid = {0FC10A3C-E771-4233-B4BD-3DF4380F112B}
	EndGlobalSection
EndGlobal
